
Microsoft Visual Studio Solution File, Format Version 12.00
# Visual Studio 14
VisualStudioVersion = 14.0.23107.0
MinimumVisualStudioVersion = 10.0.40219.1
Project("{FAE04EC0-301F-11D3-BF4B-00C04F79EFBC}") = "EPiServer.Marketing.Multivariate.Web", "Multivariate\EPiServer.Marketing.Multivariate.Web\EPiServer.Marketing.Multivariate.Web.csproj", "{CB8500E5-9999-4E35-97D6-142E87857E6A}"
EndProject
Project("{FAE04EC0-301F-11D3-BF4B-00C04F79EFBC}") = "EPiServer.Marketing.Multivariate.Test", "Multivariate\EPiServer.Marketing.Multivariate.Test\EPiServer.Marketing.Multivariate.Test.csproj", "{5391A93B-A17B-425E-B511-71CBA13E710F}"
EndProject
Project("{FAE04EC0-301F-11D3-BF4B-00C04F79EFBC}") = "EPiServer.Marketing.Multivariate.Core", "Multivariate\EPiServer.Marketing.Multivariate.Core\EPiServer.Marketing.Multivariate.Core.csproj", "{CC88EFFF-8474-401B-87F8-EC4DB6BA8633}"
EndProject
Project("{FAE04EC0-301F-11D3-BF4B-00C04F79EFBC}") = "EPiServer.Marketing.Multivariate.Dal", "Multivariate\EPiServer.Marketing.Multivariate.Dal\EPiServer.Marketing.Multivariate.Dal.csproj", "{7D24A24A-C116-4665-86D2-8B7B6B4EEC8A}"
EndProject
Project("{FAE04EC0-301F-11D3-BF4B-00C04F79EFBC}") = "EPiServer.ABTesting", "ABTesting\EPiServer.ABTesting\EPiServer.ABTesting.csproj", "{FD708051-8A3C-4E07-AEB0-3A9968030F9D}"
EndProject
Project("{FAE04EC0-301F-11D3-BF4B-00C04F79EFBC}") = "EPiServer.ABTesting.Tests", "ABTesting\EPiServer.ABTesting.Tests\EPiServer.ABTesting.Tests.csproj", "{9E63AEFB-F8F6-4028-A38A-C660D8EDB6FF}"
EndProject
Project("{2150E333-8FDC-42A3-9474-1A3956D46DE8}") = ".nuget", ".nuget", "{C12C4E69-94F8-4650-BEAF-A5EBE04E7410}"
	ProjectSection(SolutionItems) = preProject
		.nuget\NuGet.Config = .nuget\NuGet.Config
		.nuget\NuGet.exe = .nuget\NuGet.exe
		.nuget\NuGet.targets = .nuget\NuGet.targets
	EndProjectSection
EndProject
Project("{2150E333-8FDC-42A3-9474-1A3956D46DE8}") = "MSBuild", "MSBuild", "{D8CB13FE-9720-4FE1-B7DB-1F6FDAA7E1A2}"
	ProjectSection(SolutionItems) = preProject
		MSBuild\buildpackage.ps1 = MSBuild\buildpackage.ps1
		MSBuild\VersionUpdate.ps1 = MSBuild\VersionUpdate.ps1
	EndProjectSection
EndProject
Project("{2150E333-8FDC-42A3-9474-1A3956D46DE8}") = "Automation", "Automation", "{FAE101FF-0F5C-4C21-A937-D235DF55DBC7}"
	ProjectSection(SolutionItems) = preProject
		MSBuild\Automation\PublishNuGetPackages.ps1 = MSBuild\Automation\PublishNuGetPackages.ps1
		MSBuild\Automation\UpdateWorkItems.ps1 = MSBuild\Automation\UpdateWorkItems.ps1
	EndProjectSection
EndProject
Global
	GlobalSection(SolutionConfigurationPlatforms) = preSolution
		Debug|Any CPU = Debug|Any CPU
		Release|Any CPU = Release|Any CPU
	EndGlobalSection
	GlobalSection(ProjectConfigurationPlatforms) = postSolution
		{CB8500E5-9999-4E35-97D6-142E87857E6A}.Debug|Any CPU.ActiveCfg = Debug|Any CPU
		{CB8500E5-9999-4E35-97D6-142E87857E6A}.Debug|Any CPU.Build.0 = Debug|Any CPU
		{CB8500E5-9999-4E35-97D6-142E87857E6A}.Release|Any CPU.ActiveCfg = Release|Any CPU
		{CB8500E5-9999-4E35-97D6-142E87857E6A}.Release|Any CPU.Build.0 = Release|Any CPU
		{5391A93B-A17B-425E-B511-71CBA13E710F}.Debug|Any CPU.ActiveCfg = Debug|Any CPU
		{5391A93B-A17B-425E-B511-71CBA13E710F}.Debug|Any CPU.Build.0 = Debug|Any CPU
		{5391A93B-A17B-425E-B511-71CBA13E710F}.Release|Any CPU.ActiveCfg = Release|Any CPU
		{5391A93B-A17B-425E-B511-71CBA13E710F}.Release|Any CPU.Build.0 = Release|Any CPU
		{CC88EFFF-8474-401B-87F8-EC4DB6BA8633}.Debug|Any CPU.ActiveCfg = Debug|Any CPU
		{CC88EFFF-8474-401B-87F8-EC4DB6BA8633}.Debug|Any CPU.Build.0 = Debug|Any CPU
		{CC88EFFF-8474-401B-87F8-EC4DB6BA8633}.Release|Any CPU.ActiveCfg = Release|Any CPU
		{CC88EFFF-8474-401B-87F8-EC4DB6BA8633}.Release|Any CPU.Build.0 = Release|Any CPU
		{7D24A24A-C116-4665-86D2-8B7B6B4EEC8A}.Debug|Any CPU.ActiveCfg = Debug|Any CPU
		{7D24A24A-C116-4665-86D2-8B7B6B4EEC8A}.Debug|Any CPU.Build.0 = Debug|Any CPU
		{7D24A24A-C116-4665-86D2-8B7B6B4EEC8A}.Release|Any CPU.ActiveCfg = Release|Any CPU
		{7D24A24A-C116-4665-86D2-8B7B6B4EEC8A}.Release|Any CPU.Build.0 = Release|Any CPU
		{FD708051-8A3C-4E07-AEB0-3A9968030F9D}.Debug|Any CPU.ActiveCfg = Debug|Any CPU
		{FD708051-8A3C-4E07-AEB0-3A9968030F9D}.Debug|Any CPU.Build.0 = Debug|Any CPU
		{FD708051-8A3C-4E07-AEB0-3A9968030F9D}.Release|Any CPU.ActiveCfg = Release|Any CPU
		{FD708051-8A3C-4E07-AEB0-3A9968030F9D}.Release|Any CPU.Build.0 = Release|Any CPU
		{9E63AEFB-F8F6-4028-A38A-C660D8EDB6FF}.Debug|Any CPU.ActiveCfg = Debug|Any CPU
		{9E63AEFB-F8F6-4028-A38A-C660D8EDB6FF}.Debug|Any CPU.Build.0 = Debug|Any CPU
		{9E63AEFB-F8F6-4028-A38A-C660D8EDB6FF}.Release|Any CPU.ActiveCfg = Release|Any CPU
		{9E63AEFB-F8F6-4028-A38A-C660D8EDB6FF}.Release|Any CPU.Build.0 = Release|Any CPU
	EndGlobalSection
	GlobalSection(SolutionProperties) = preSolution
		HideSolutionNode = FALSE
	EndGlobalSection
	GlobalSection(NestedProjects) = preSolution
		{FAE101FF-0F5C-4C21-A937-D235DF55DBC7} = {D8CB13FE-9720-4FE1-B7DB-1F6FDAA7E1A2}
	EndGlobalSection
EndGlobal
