Microsoft Visual Studio Solution File, Format Version 12.00
# Visual Studio 14
VisualStudioVersion = 14.0.24720.0
MinimumVisualStudioVersion = 10.0.40219.1
Project("{2150E333-8FDC-42A3-9474-1A3956D46DE8}") = "Solution Items", "Solution Items", "{0ACC9772-A4A0-4B7D-B3E6-CC1D3D696F82}"
	ProjectSection(SolutionItems) = preProject
		AssemblyVersionAuto.cs = AssemblyVersionAuto.cs
		CompleteRunsettings1.runsettings = CompleteRunsettings1.runsettings
		global.json = global.json
	EndProjectSection
EndProject
Project("{8BB2217D-0F2D-49D1-97BC-3654ED321F3B}") = "EPiServer.Marketing.Testing.Web", "src\EPiServer.Marketing.Testing.Web\EPiServer.Marketing.Testing.Web.xproj", "{CB8500E5-9999-4E35-97D6-142E87857E6A}"
EndProject
Project("{8BB2217D-0F2D-49D1-97BC-3654ED321F3B}") = "EPiServer.Marketing.Testing.Test", "test\EPiServer.Marketing.Testing.Test\EPiServer.Marketing.Testing.Test.xproj", "{5391A93B-A17B-425E-B511-71CBA13E710F}"
	ProjectSection(ProjectDependencies) = postProject
		{CB8500E5-9999-4E35-97D6-142E87857E6A} = {CB8500E5-9999-4E35-97D6-142E87857E6A}
	EndProjectSection
EndProject
Project("{8BB2217D-0F2D-49D1-97BC-3654ED321F3B}") = "EPiServer.Marketing.Testing.Core", "src\EPiServer.Marketing.Testing.Core\EPiServer.Marketing.Testing.Core.xproj", "{CC88EFFF-8474-401B-87F8-EC4DB6BA8633}"
	ProjectSection(ProjectDependencies) = postProject
		{167D31D8-063C-48CA-84EC-0D136BAED1F8} = {167D31D8-063C-48CA-84EC-0D136BAED1F8}
	EndProjectSection
EndProject
Project("{8BB2217D-0F2D-49D1-97BC-3654ED321F3B}") = "EPiServer.Marketing.Testing.Dal", "src\EPiServer.Marketing.Testing.Dal\EPiServer.Marketing.Testing.Dal.xproj", "{7D24A24A-C116-4665-86D2-8B7B6B4EEC8A}"
EndProject
Project("{8BB2217D-0F2D-49D1-97BC-3654ED321F3B}") = "EPiServer.Marketing.Testing.TestPages", "samples\EPiServer.Marketing.Testing.TestPages\EPiServer.Marketing.Testing.TestPages.xproj", "{54B835AA-94DF-4E54-BBAF-90DC8BD58FF5}"
EndProject
Project("{8BB2217D-0F2D-49D1-97BC-3654ED321F3B}") = "EPIServer.Marketing.Messaging", "src\EPIServer.Marketing.Messaging\EPIServer.Marketing.Messaging.xproj", "{167D31D8-063C-48CA-84EC-0D136BAED1F8}"
EndProject
Project("{8BB2217D-0F2D-49D1-97BC-3654ED321F3B}") = "EPiServer.Marketing.Messaging.Test", "test\EPiServer.Marketing.Messaging.Test\EPiServer.Marketing.Messaging.Test.xproj", "{FB9CF5F7-4982-4710-B13E-BC6A982501D1}"
EndProject
Project("{8BB2217D-0F2D-49D1-97BC-3654ED321F3B}") = "EPiServer.Marketing.KPI", "src\EPiServer.Marketing.KPI\EPiServer.Marketing.KPI.xproj", "{B89EB2B0-D652-4198-83FF-AC2C395D41E3}"
EndProject
Project("{2150E333-8FDC-42A3-9474-1A3956D46DE8}") = "samples", "samples", "{161B3773-B01D-4D63-BDE5-CA6A022DF4DD}"
EndProject
Project("{FAE04EC0-301F-11D3-BF4B-00C04F79EFBC}") = "EPiServer.Templates.Alloy", "samples\EPiServer.Templates.Alloy\EPiServer.Templates.Alloy.csproj", "{23966D6E-2BC8-46AD-8B17-AA3A03A6F4E2}"
EndProject
Project("{8BB2217D-0F2D-49D1-97BC-3654ED321F3B}") = "EPiServer.Marketing.KPI.Test", "test\EPiServer.Marketing.KPI.Test\EPiServer.Marketing.KPI.Test.xproj", "{5909B279-FD10-45D8-8208-95AB9A00090B}"
EndProject
Project("{2150E333-8FDC-42A3-9474-1A3956D46DE8}") = "test", "test", "{4DCCE100-6879-491C-BCC9-85A6DA6B0EE7}"
EndProject
Project("{2150E333-8FDC-42A3-9474-1A3956D46DE8}") = "Models", "Models", "{4A69FA20-2390-4447-917D-6B4D6D82727B}"
EndProject
Project("{FAE04EC0-301F-11D3-BF4B-00C04F79EFBC}") = "KPI", "Models\KPI\KPI.csproj", "{76EA990F-7287-4BAC-A4F1-9709701F51F4}"
EndProject
Project("{FAE04EC0-301F-11D3-BF4B-00C04F79EFBC}") = "Testing", "Models\Testing\Testing.csproj", "{66875448-9F9D-4A1C-B0D5-0CD5B6388419}"
EndProject
Global
	GlobalSection(SolutionConfigurationPlatforms) = preSolution
		Debug|Any CPU = Debug|Any CPU
		Release|Any CPU = Release|Any CPU
	EndGlobalSection
	GlobalSection(ProjectConfigurationPlatforms) = postSolution
		{CB8500E5-9999-4E35-97D6-142E87857E6A}.Debug|Any CPU.ActiveCfg = Debug|Any CPU
		{CB8500E5-9999-4E35-97D6-142E87857E6A}.Debug|Any CPU.Build.0 = Debug|Any CPU
		{CB8500E5-9999-4E35-97D6-142E87857E6A}.Release|Any CPU.ActiveCfg = Release|Any CPU
		{CB8500E5-9999-4E35-97D6-142E87857E6A}.Release|Any CPU.Build.0 = Release|Any CPU
		{5391A93B-A17B-425E-B511-71CBA13E710F}.Debug|Any CPU.ActiveCfg = Debug|Any CPU
		{5391A93B-A17B-425E-B511-71CBA13E710F}.Debug|Any CPU.Build.0 = Debug|Any CPU
		{5391A93B-A17B-425E-B511-71CBA13E710F}.Release|Any CPU.ActiveCfg = Release|Any CPU
		{5391A93B-A17B-425E-B511-71CBA13E710F}.Release|Any CPU.Build.0 = Release|Any CPU
		{CC88EFFF-8474-401B-87F8-EC4DB6BA8633}.Debug|Any CPU.ActiveCfg = Debug|Any CPU
		{CC88EFFF-8474-401B-87F8-EC4DB6BA8633}.Debug|Any CPU.Build.0 = Debug|Any CPU
		{CC88EFFF-8474-401B-87F8-EC4DB6BA8633}.Release|Any CPU.ActiveCfg = Release|Any CPU
		{CC88EFFF-8474-401B-87F8-EC4DB6BA8633}.Release|Any CPU.Build.0 = Release|Any CPU
		{7D24A24A-C116-4665-86D2-8B7B6B4EEC8A}.Debug|Any CPU.ActiveCfg = Debug|Any CPU
		{7D24A24A-C116-4665-86D2-8B7B6B4EEC8A}.Debug|Any CPU.Build.0 = Debug|Any CPU
		{7D24A24A-C116-4665-86D2-8B7B6B4EEC8A}.Release|Any CPU.ActiveCfg = Release|Any CPU
		{7D24A24A-C116-4665-86D2-8B7B6B4EEC8A}.Release|Any CPU.Build.0 = Release|Any CPU
		{54B835AA-94DF-4E54-BBAF-90DC8BD58FF5}.Debug|Any CPU.ActiveCfg = Debug|Any CPU
		{54B835AA-94DF-4E54-BBAF-90DC8BD58FF5}.Debug|Any CPU.Build.0 = Debug|Any CPU
		{54B835AA-94DF-4E54-BBAF-90DC8BD58FF5}.Release|Any CPU.ActiveCfg = Release|Any CPU
		{54B835AA-94DF-4E54-BBAF-90DC8BD58FF5}.Release|Any CPU.Build.0 = Release|Any CPU
		{167D31D8-063C-48CA-84EC-0D136BAED1F8}.Debug|Any CPU.ActiveCfg = Debug|Any CPU
		{167D31D8-063C-48CA-84EC-0D136BAED1F8}.Debug|Any CPU.Build.0 = Debug|Any CPU
		{167D31D8-063C-48CA-84EC-0D136BAED1F8}.Debug|Any CPU.Deploy.0 = Debug|Any CPU
		{167D31D8-063C-48CA-84EC-0D136BAED1F8}.Release|Any CPU.ActiveCfg = Release|Any CPU
		{167D31D8-063C-48CA-84EC-0D136BAED1F8}.Release|Any CPU.Build.0 = Release|Any CPU
		{FB9CF5F7-4982-4710-B13E-BC6A982501D1}.Debug|Any CPU.ActiveCfg = Debug|Any CPU
		{FB9CF5F7-4982-4710-B13E-BC6A982501D1}.Debug|Any CPU.Build.0 = Debug|Any CPU
		{FB9CF5F7-4982-4710-B13E-BC6A982501D1}.Release|Any CPU.ActiveCfg = Release|Any CPU
		{FB9CF5F7-4982-4710-B13E-BC6A982501D1}.Release|Any CPU.Build.0 = Release|Any CPU
		{B89EB2B0-D652-4198-83FF-AC2C395D41E3}.Debug|Any CPU.ActiveCfg = Debug|Any CPU
		{B89EB2B0-D652-4198-83FF-AC2C395D41E3}.Release|Any CPU.ActiveCfg = Release|Any CPU
		{23966D6E-2BC8-46AD-8B17-AA3A03A6F4E2}.Debug|Any CPU.ActiveCfg = Debug|Any CPU
		{23966D6E-2BC8-46AD-8B17-AA3A03A6F4E2}.Debug|Any CPU.Build.0 = Debug|Any CPU
		{23966D6E-2BC8-46AD-8B17-AA3A03A6F4E2}.Release|Any CPU.ActiveCfg = Release|Any CPU
		{23966D6E-2BC8-46AD-8B17-AA3A03A6F4E2}.Release|Any CPU.Build.0 = Release|Any CPU
		{5909B279-FD10-45D8-8208-95AB9A00090B}.Debug|Any CPU.ActiveCfg = Debug|Any CPU
		{5909B279-FD10-45D8-8208-95AB9A00090B}.Release|Any CPU.ActiveCfg = Release|Any CPU
		{76EA990F-7287-4BAC-A4F1-9709701F51F4}.Debug|Any CPU.ActiveCfg = Debug|Any CPU
		{76EA990F-7287-4BAC-A4F1-9709701F51F4}.Release|Any CPU.ActiveCfg = Release|Any CPU
		{66875448-9F9D-4A1C-B0D5-0CD5B6388419}.Debug|Any CPU.ActiveCfg = Debug|Any CPU
		{66875448-9F9D-4A1C-B0D5-0CD5B6388419}.Release|Any CPU.ActiveCfg = Release|Any CPU
	EndGlobalSection
	GlobalSection(SolutionProperties) = preSolution
		HideSolutionNode = FALSE
	EndGlobalSection
	GlobalSection(NestedProjects) = preSolution
		{5391A93B-A17B-425E-B511-71CBA13E710F} = {4DCCE100-6879-491C-BCC9-85A6DA6B0EE7}
		{54B835AA-94DF-4E54-BBAF-90DC8BD58FF5} = {161B3773-B01D-4D63-BDE5-CA6A022DF4DD}
		{FB9CF5F7-4982-4710-B13E-BC6A982501D1} = {4DCCE100-6879-491C-BCC9-85A6DA6B0EE7}
		{23966D6E-2BC8-46AD-8B17-AA3A03A6F4E2} = {161B3773-B01D-4D63-BDE5-CA6A022DF4DD}
		{5909B279-FD10-45D8-8208-95AB9A00090B} = {4DCCE100-6879-491C-BCC9-85A6DA6B0EE7}
		{76EA990F-7287-4BAC-A4F1-9709701F51F4} = {4A69FA20-2390-4447-917D-6B4D6D82727B}
		{66875448-9F9D-4A1C-B0D5-0CD5B6388419} = {4A69FA20-2390-4447-917D-6B4D6D82727B}
	EndGlobalSection
EndGlobal
