Microsoft Visual Studio Solution File, Format Version 12.00
# Visual Studio Version 16
VisualStudioVersion = 16.0.29509.3
MinimumVisualStudioVersion = 10.0.40219.1
Project("{2150E333-8FDC-42A3-9474-1A3956D46DE8}") = "Solution Items", "Solution Items", "{0ACC9772-A4A0-4B7D-B3E6-CC1D3D696F82}"
	ProjectSection(SolutionItems) = preProject
		CompleteRunsettings1.runsettings = CompleteRunsettings1.runsettings
	EndProjectSection
EndProject
Project("{2150E333-8FDC-42A3-9474-1A3956D46DE8}") = "samples", "samples", "{161B3773-B01D-4D63-BDE5-CA6A022DF4DD}"
EndProject
Project("{2150E333-8FDC-42A3-9474-1A3956D46DE8}") = "test", "test", "{4DCCE100-6879-491C-BCC9-85A6DA6B0EE7}"
EndProject
Project("{2150E333-8FDC-42A3-9474-1A3956D46DE8}") = "Documentation", "Documentation", "{37A150D0-2DED-4E04-B413-A8456D9DB7D6}"
EndProject
Project("{9A19103F-16F7-4668-BE54-9A1E7A4F7556}") = "EPiServer.Marketing.Testing.Web", "src\EPiServer.Marketing.Testing.Web\EPiServer.Marketing.Testing.Web.csproj", "{CB8500E5-9999-4E35-97D6-142E87857E6A}"
EndProject
Project("{9A19103F-16F7-4668-BE54-9A1E7A4F7556}") = "EPiServer.Marketing.Testing.Test", "test\EPiServer.Marketing.Testing.Test\EPiServer.Marketing.Testing.Test.csproj", "{5391A93B-A17B-425E-B511-71CBA13E710F}"
	ProjectSection(ProjectDependencies) = postProject
		{CB8500E5-9999-4E35-97D6-142E87857E6A} = {CB8500E5-9999-4E35-97D6-142E87857E6A}
	EndProjectSection
EndProject
Project("{9A19103F-16F7-4668-BE54-9A1E7A4F7556}") = "EPiServer.Marketing.Testing.Core", "src\EPiServer.Marketing.Testing.Core\EPiServer.Marketing.Testing.Core.csproj", "{CC88EFFF-8474-401B-87F8-EC4DB6BA8633}"
	ProjectSection(ProjectDependencies) = postProject
		{167D31D8-063C-48CA-84EC-0D136BAED1F8} = {167D31D8-063C-48CA-84EC-0D136BAED1F8}
	EndProjectSection
EndProject
Project("{9A19103F-16F7-4668-BE54-9A1E7A4F7556}") = "EPiServer.Marketing.Testing.Dal", "src\EPiServer.Marketing.Testing.Dal\EPiServer.Marketing.Testing.Dal.csproj", "{7D24A24A-C116-4665-86D2-8B7B6B4EEC8A}"
EndProject
Project("{9A19103F-16F7-4668-BE54-9A1E7A4F7556}") = "EPIServer.Marketing.Messaging", "src\EPIServer.Marketing.Messaging\EPIServer.Marketing.Messaging.csproj", "{167D31D8-063C-48CA-84EC-0D136BAED1F8}"
EndProject
Project("{9A19103F-16F7-4668-BE54-9A1E7A4F7556}") = "EPiServer.Marketing.Messaging.Test", "test\EPiServer.Marketing.Messaging.Test\EPiServer.Marketing.Messaging.Test.csproj", "{FB9CF5F7-4982-4710-B13E-BC6A982501D1}"
EndProject
Project("{9A19103F-16F7-4668-BE54-9A1E7A4F7556}") = "EPiServer.Marketing.KPI", "src\EPiServer.Marketing.KPI\EPiServer.Marketing.KPI.csproj", "{B89EB2B0-D652-4198-83FF-AC2C395D41E3}"
	ProjectSection(ProjectDependencies) = postProject
		{167D31D8-063C-48CA-84EC-0D136BAED1F8} = {167D31D8-063C-48CA-84EC-0D136BAED1F8}
	EndProjectSection
EndProject
Project("{9A19103F-16F7-4668-BE54-9A1E7A4F7556}") = "EPiServer.Marketing.KPI.Test", "test\EPiServer.Marketing.KPI.Test\EPiServer.Marketing.KPI.Test.csproj", "{5909B279-FD10-45D8-8208-95AB9A00090B}"
EndProject
Project("{9A19103F-16F7-4668-BE54-9A1E7A4F7556}") = "EPiServer.Marketing.KPI.Commerce", "src\EPiServer.Marketing.KPI.Commerce\EPiServer.Marketing.KPI.Commerce.csproj", "{B6BBFBA0-289F-4B0B-A769-D4FB74F914D2}"
EndProject
Project("{7CF6DF6D-3B04-46F8-A40B-537D21BCA0B4}") = "Kpi", "Documentation\KPI\Kpi.shfbproj", "{33088987-87DC-4F89-A94F-37218839A757}"
	ProjectSection(ProjectDependencies) = postProject
		{C2476336-E6E0-4A8B-AA13-2CF485964E63} = {C2476336-E6E0-4A8B-AA13-2CF485964E63}
	EndProjectSection
EndProject
Project("{7CF6DF6D-3B04-46F8-A40B-537D21BCA0B4}") = "Testing", "Documentation\Testing\Testing.shfbproj", "{7065CEEB-AB19-4CB7-BF20-1FF4DFFDBAF0}"
	ProjectSection(ProjectDependencies) = postProject
		{C2476336-E6E0-4A8B-AA13-2CF485964E63} = {C2476336-E6E0-4A8B-AA13-2CF485964E63}
		{7D24A24A-C116-4665-86D2-8B7B6B4EEC8A} = {7D24A24A-C116-4665-86D2-8B7B6B4EEC8A}
		{33088987-87DC-4F89-A94F-37218839A757} = {33088987-87DC-4F89-A94F-37218839A757}
		{B6BBFBA0-289F-4B0B-A769-D4FB74F914D2} = {B6BBFBA0-289F-4B0B-A769-D4FB74F914D2}
		{B89EB2B0-D652-4198-83FF-AC2C395D41E3} = {B89EB2B0-D652-4198-83FF-AC2C395D41E3}
		{AA5E43C8-077B-4785-89F5-7B359DAD70AB} = {AA5E43C8-077B-4785-89F5-7B359DAD70AB}
		{167D31D8-063C-48CA-84EC-0D136BAED1F8} = {167D31D8-063C-48CA-84EC-0D136BAED1F8}
		{CB8500E5-9999-4E35-97D6-142E87857E6A} = {CB8500E5-9999-4E35-97D6-142E87857E6A}
		{CC88EFFF-8474-401B-87F8-EC4DB6BA8633} = {CC88EFFF-8474-401B-87F8-EC4DB6BA8633}
	EndProjectSection
EndProject
Project("{7CF6DF6D-3B04-46F8-A40B-537D21BCA0B4}") = "KpiCommerce", "Documentation\KPI.Commerce\KpiCommerce.shfbproj", "{AA5E43C8-077B-4785-89F5-7B359DAD70AB}"
	ProjectSection(ProjectDependencies) = postProject
		{C2476336-E6E0-4A8B-AA13-2CF485964E63} = {C2476336-E6E0-4A8B-AA13-2CF485964E63}
		{33088987-87DC-4F89-A94F-37218839A757} = {33088987-87DC-4F89-A94F-37218839A757}
		{B6BBFBA0-289F-4B0B-A769-D4FB74F914D2} = {B6BBFBA0-289F-4B0B-A769-D4FB74F914D2}
		{B89EB2B0-D652-4198-83FF-AC2C395D41E3} = {B89EB2B0-D652-4198-83FF-AC2C395D41E3}
	EndProjectSection
EndProject
Project("{7CF6DF6D-3B04-46F8-A40B-537D21BCA0B4}") = "Messaging", "Documentation\Messaging\Messaging.shfbproj", "{C2476336-E6E0-4A8B-AA13-2CF485964E63}"
	ProjectSection(ProjectDependencies) = postProject
		{167D31D8-063C-48CA-84EC-0D136BAED1F8} = {167D31D8-063C-48CA-84EC-0D136BAED1F8}
	EndProjectSection
EndProject
Project("{9A19103F-16F7-4668-BE54-9A1E7A4F7556}") = "EPiServer.Marketing.KPI.Commerce.Test", "test\EPiServer.Marketing.KPI.Commerce.Test\EPiServer.Marketing.KPI.Commerce.Test.csproj", "{B7469734-B9AE-44AD-8D52-1F524146E27D}"
EndProject
Global
	GlobalSection(SolutionConfigurationPlatforms) = preSolution
		Debug|Any CPU = Debug|Any CPU
		Release|Any CPU = Release|Any CPU
	EndGlobalSection
	GlobalSection(ProjectConfigurationPlatforms) = postSolution
		{CB8500E5-9999-4E35-97D6-142E87857E6A}.Debug|Any CPU.ActiveCfg = Debug|Any CPU
		{CB8500E5-9999-4E35-97D6-142E87857E6A}.Debug|Any CPU.Build.0 = Debug|Any CPU
		{CB8500E5-9999-4E35-97D6-142E87857E6A}.Release|Any CPU.ActiveCfg = Release|Any CPU
		{CB8500E5-9999-4E35-97D6-142E87857E6A}.Release|Any CPU.Build.0 = Release|Any CPU
		{5391A93B-A17B-425E-B511-71CBA13E710F}.Debug|Any CPU.ActiveCfg = Debug|Any CPU
		{5391A93B-A17B-425E-B511-71CBA13E710F}.Debug|Any CPU.Build.0 = Debug|Any CPU
		{5391A93B-A17B-425E-B511-71CBA13E710F}.Release|Any CPU.ActiveCfg = Release|Any CPU
		{5391A93B-A17B-425E-B511-71CBA13E710F}.Release|Any CPU.Build.0 = Release|Any CPU
		{CC88EFFF-8474-401B-87F8-EC4DB6BA8633}.Debug|Any CPU.ActiveCfg = Debug|Any CPU
		{CC88EFFF-8474-401B-87F8-EC4DB6BA8633}.Debug|Any CPU.Build.0 = Debug|Any CPU
		{CC88EFFF-8474-401B-87F8-EC4DB6BA8633}.Release|Any CPU.ActiveCfg = Release|Any CPU
		{CC88EFFF-8474-401B-87F8-EC4DB6BA8633}.Release|Any CPU.Build.0 = Release|Any CPU
		{7D24A24A-C116-4665-86D2-8B7B6B4EEC8A}.Debug|Any CPU.ActiveCfg = Debug|Any CPU
		{7D24A24A-C116-4665-86D2-8B7B6B4EEC8A}.Debug|Any CPU.Build.0 = Debug|Any CPU
		{7D24A24A-C116-4665-86D2-8B7B6B4EEC8A}.Release|Any CPU.ActiveCfg = Release|Any CPU
		{7D24A24A-C116-4665-86D2-8B7B6B4EEC8A}.Release|Any CPU.Build.0 = Release|Any CPU
		{167D31D8-063C-48CA-84EC-0D136BAED1F8}.Debug|Any CPU.ActiveCfg = Debug|Any CPU
		{167D31D8-063C-48CA-84EC-0D136BAED1F8}.Debug|Any CPU.Build.0 = Debug|Any CPU
		{167D31D8-063C-48CA-84EC-0D136BAED1F8}.Debug|Any CPU.Deploy.0 = Debug|Any CPU
		{167D31D8-063C-48CA-84EC-0D136BAED1F8}.Release|Any CPU.ActiveCfg = Release|Any CPU
		{167D31D8-063C-48CA-84EC-0D136BAED1F8}.Release|Any CPU.Build.0 = Release|Any CPU
		{FB9CF5F7-4982-4710-B13E-BC6A982501D1}.Debug|Any CPU.ActiveCfg = Debug|Any CPU
		{FB9CF5F7-4982-4710-B13E-BC6A982501D1}.Debug|Any CPU.Build.0 = Debug|Any CPU
		{FB9CF5F7-4982-4710-B13E-BC6A982501D1}.Release|Any CPU.ActiveCfg = Release|Any CPU
		{FB9CF5F7-4982-4710-B13E-BC6A982501D1}.Release|Any CPU.Build.0 = Release|Any CPU
		{B89EB2B0-D652-4198-83FF-AC2C395D41E3}.Debug|Any CPU.ActiveCfg = Debug|Any CPU
		{B89EB2B0-D652-4198-83FF-AC2C395D41E3}.Debug|Any CPU.Build.0 = Debug|Any CPU
		{B89EB2B0-D652-4198-83FF-AC2C395D41E3}.Release|Any CPU.ActiveCfg = Release|Any CPU
		{B89EB2B0-D652-4198-83FF-AC2C395D41E3}.Release|Any CPU.Build.0 = Release|Any CPU
		{5909B279-FD10-45D8-8208-95AB9A00090B}.Debug|Any CPU.ActiveCfg = Debug|Any CPU
		{5909B279-FD10-45D8-8208-95AB9A00090B}.Debug|Any CPU.Build.0 = Debug|Any CPU
		{5909B279-FD10-45D8-8208-95AB9A00090B}.Release|Any CPU.ActiveCfg = Release|Any CPU
		{5909B279-FD10-45D8-8208-95AB9A00090B}.Release|Any CPU.Build.0 = Release|Any CPU
		{B6BBFBA0-289F-4B0B-A769-D4FB74F914D2}.Debug|Any CPU.ActiveCfg = Debug|Any CPU
		{B6BBFBA0-289F-4B0B-A769-D4FB74F914D2}.Debug|Any CPU.Build.0 = Debug|Any CPU
		{B6BBFBA0-289F-4B0B-A769-D4FB74F914D2}.Release|Any CPU.ActiveCfg = Release|Any CPU
		{B6BBFBA0-289F-4B0B-A769-D4FB74F914D2}.Release|Any CPU.Build.0 = Release|Any CPU
		{33088987-87DC-4F89-A94F-37218839A757}.Debug|Any CPU.ActiveCfg = Debug|Any CPU
		{33088987-87DC-4F89-A94F-37218839A757}.Release|Any CPU.ActiveCfg = Release|Any CPU
		{7065CEEB-AB19-4CB7-BF20-1FF4DFFDBAF0}.Debug|Any CPU.ActiveCfg = Debug|Any CPU
		{7065CEEB-AB19-4CB7-BF20-1FF4DFFDBAF0}.Release|Any CPU.ActiveCfg = Release|Any CPU
		{AA5E43C8-077B-4785-89F5-7B359DAD70AB}.Debug|Any CPU.ActiveCfg = Debug|Any CPU
		{AA5E43C8-077B-4785-89F5-7B359DAD70AB}.Release|Any CPU.ActiveCfg = Release|Any CPU
		{C2476336-E6E0-4A8B-AA13-2CF485964E63}.Debug|Any CPU.ActiveCfg = Debug|Any CPU
		{C2476336-E6E0-4A8B-AA13-2CF485964E63}.Release|Any CPU.ActiveCfg = Release|Any CPU
		{B7469734-B9AE-44AD-8D52-1F524146E27D}.Debug|Any CPU.ActiveCfg = Debug|Any CPU
		{B7469734-B9AE-44AD-8D52-1F524146E27D}.Debug|Any CPU.Build.0 = Debug|Any CPU
		{B7469734-B9AE-44AD-8D52-1F524146E27D}.Release|Any CPU.ActiveCfg = Release|Any CPU
		{B7469734-B9AE-44AD-8D52-1F524146E27D}.Release|Any CPU.Build.0 = Release|Any CPU
	EndGlobalSection
	GlobalSection(SolutionProperties) = preSolution
		HideSolutionNode = FALSE
	EndGlobalSection
	GlobalSection(NestedProjects) = preSolution
		{5391A93B-A17B-425E-B511-71CBA13E710F} = {4DCCE100-6879-491C-BCC9-85A6DA6B0EE7}
		{FB9CF5F7-4982-4710-B13E-BC6A982501D1} = {4DCCE100-6879-491C-BCC9-85A6DA6B0EE7}
		{5909B279-FD10-45D8-8208-95AB9A00090B} = {4DCCE100-6879-491C-BCC9-85A6DA6B0EE7}
		{33088987-87DC-4F89-A94F-37218839A757} = {37A150D0-2DED-4E04-B413-A8456D9DB7D6}
		{7065CEEB-AB19-4CB7-BF20-1FF4DFFDBAF0} = {37A150D0-2DED-4E04-B413-A8456D9DB7D6}
		{AA5E43C8-077B-4785-89F5-7B359DAD70AB} = {37A150D0-2DED-4E04-B413-A8456D9DB7D6}
		{C2476336-E6E0-4A8B-AA13-2CF485964E63} = {37A150D0-2DED-4E04-B413-A8456D9DB7D6}
		{B7469734-B9AE-44AD-8D52-1F524146E27D} = {4DCCE100-6879-491C-BCC9-85A6DA6B0EE7}
	EndGlobalSection
	GlobalSection(ExtensibilityGlobals) = postSolution
		SolutionGuid = {9E875CD0-1538-4604-B67F-7333D1D8D41B}
	EndGlobalSection
EndGlobal
